
Microsoft Visual Studio Solution File, Format Version 12.00
# Visual Studio 2012
Project("{FAE04EC0-301F-11D3-BF4B-00C04F79EFBC}") = "BlurryZXing.Android", "BlurryZXing.Android\BlurryZXing.Android.csproj", "{F21C804F-DE35-4F45-958B-37C2ED0042A0}"
EndProject
Project("{FAE04EC0-301F-11D3-BF4B-00C04F79EFBC}") = "BlurryZXing.iOS", "BlurryZXing.iOS\BlurryZXing.iOS.csproj", "{17B0F948-FAAF-41EA-9622-C04DBC5D966F}"
EndProject
Project("{FAE04EC0-301F-11D3-BF4B-00C04F79EFBC}") = "BlurryZXing", "BlurryZXing\BlurryZXing.csproj", "{BFAEAA01-D841-4CA7-A2B8-D30DAE3599AA}"
EndProject
Global
	GlobalSection(SolutionConfigurationPlatforms) = preSolution
		Debug|Any CPU = Debug|Any CPU
		Release|Any CPU = Release|Any CPU
		Debug|iPhoneSimulator = Debug|iPhoneSimulator
		Release|iPhoneSimulator = Release|iPhoneSimulator
		Debug|iPhone = Debug|iPhone
		Release|iPhone = Release|iPhone
		Ad-Hoc|iPhone = Ad-Hoc|iPhone
		AppStore|iPhone = AppStore|iPhone
	EndGlobalSection
	GlobalSection(ProjectConfigurationPlatforms) = postSolution
		{F21C804F-DE35-4F45-958B-37C2ED0042A0}.Debug|Any CPU.ActiveCfg = Debug|Any CPU
		{F21C804F-DE35-4F45-958B-37C2ED0042A0}.Debug|Any CPU.Build.0 = Debug|Any CPU
		{F21C804F-DE35-4F45-958B-37C2ED0042A0}.Release|Any CPU.ActiveCfg = Release|Any CPU
		{F21C804F-DE35-4F45-958B-37C2ED0042A0}.Release|Any CPU.Build.0 = Release|Any CPU
		{F21C804F-DE35-4F45-958B-37C2ED0042A0}.Debug|iPhoneSimulator.ActiveCfg = Debug|Any CPU
		{F21C804F-DE35-4F45-958B-37C2ED0042A0}.Debug|iPhoneSimulator.Build.0 = Debug|Any CPU
		{F21C804F-DE35-4F45-958B-37C2ED0042A0}.Release|iPhoneSimulator.ActiveCfg = Release|Any CPU
		{F21C804F-DE35-4F45-958B-37C2ED0042A0}.Release|iPhoneSimulator.Build.0 = Release|Any CPU
		{F21C804F-DE35-4F45-958B-37C2ED0042A0}.Debug|iPhone.ActiveCfg = Debug|Any CPU
		{F21C804F-DE35-4F45-958B-37C2ED0042A0}.Debug|iPhone.Build.0 = Debug|Any CPU
		{F21C804F-DE35-4F45-958B-37C2ED0042A0}.Release|iPhone.ActiveCfg = Release|Any CPU
		{F21C804F-DE35-4F45-958B-37C2ED0042A0}.Release|iPhone.Build.0 = Release|Any CPU
		{F21C804F-DE35-4F45-958B-37C2ED0042A0}.Ad-Hoc|iPhone.ActiveCfg = Debug|Any CPU
		{F21C804F-DE35-4F45-958B-37C2ED0042A0}.Ad-Hoc|iPhone.Build.0 = Debug|Any CPU
		{F21C804F-DE35-4F45-958B-37C2ED0042A0}.AppStore|iPhone.ActiveCfg = Debug|Any CPU
		{F21C804F-DE35-4F45-958B-37C2ED0042A0}.AppStore|iPhone.Build.0 = Debug|Any CPU
		{17B0F948-FAAF-41EA-9622-C04DBC5D966F}.Debug|Any CPU.ActiveCfg = Debug|iPhoneSimulator
		{17B0F948-FAAF-41EA-9622-C04DBC5D966F}.Debug|Any CPU.Build.0 = Debug|iPhoneSimulator
		{17B0F948-FAAF-41EA-9622-C04DBC5D966F}.Release|Any CPU.ActiveCfg = Release|iPhoneSimulator
		{17B0F948-FAAF-41EA-9622-C04DBC5D966F}.Release|Any CPU.Build.0 = Release|iPhoneSimulator
		{17B0F948-FAAF-41EA-9622-C04DBC5D966F}.Debug|iPhoneSimulator.ActiveCfg = Debug|iPhoneSimulator
		{17B0F948-FAAF-41EA-9622-C04DBC5D966F}.Debug|iPhoneSimulator.Build.0 = Debug|iPhoneSimulator
		{17B0F948-FAAF-41EA-9622-C04DBC5D966F}.Release|iPhoneSimulator.ActiveCfg = Release|iPhoneSimulator
		{17B0F948-FAAF-41EA-9622-C04DBC5D966F}.Release|iPhoneSimulator.Build.0 = Release|iPhoneSimulator
		{17B0F948-FAAF-41EA-9622-C04DBC5D966F}.Debug|iPhone.ActiveCfg = Debug|iPhone
		{17B0F948-FAAF-41EA-9622-C04DBC5D966F}.Debug|iPhone.Build.0 = Debug|iPhone
		{17B0F948-FAAF-41EA-9622-C04DBC5D966F}.Release|iPhone.ActiveCfg = Release|iPhone
		{17B0F948-FAAF-41EA-9622-C04DBC5D966F}.Release|iPhone.Build.0 = Release|iPhone
		{17B0F948-FAAF-41EA-9622-C04DBC5D966F}.Ad-Hoc|iPhone.ActiveCfg = Ad-Hoc|iPhone
		{17B0F948-FAAF-41EA-9622-C04DBC5D966F}.Ad-Hoc|iPhone.Build.0 = Ad-Hoc|iPhone
		{17B0F948-FAAF-41EA-9622-C04DBC5D966F}.AppStore|iPhone.ActiveCfg = AppStore|iPhone
		{17B0F948-FAAF-41EA-9622-C04DBC5D966F}.AppStore|iPhone.Build.0 = AppStore|iPhone
		{BFAEAA01-D841-4CA7-A2B8-D30DAE3599AA}.Debug|Any CPU.ActiveCfg = Debug|Any CPU
		{BFAEAA01-D841-4CA7-A2B8-D30DAE3599AA}.Debug|Any CPU.Build.0 = Debug|Any CPU
		{BFAEAA01-D841-4CA7-A2B8-D30DAE3599AA}.Release|Any CPU.ActiveCfg = Release|Any CPU
		{BFAEAA01-D841-4CA7-A2B8-D30DAE3599AA}.Release|Any CPU.Build.0 = Release|Any CPU
		{BFAEAA01-D841-4CA7-A2B8-D30DAE3599AA}.Debug|iPhoneSimulator.ActiveCfg = Debug|Any CPU
		{BFAEAA01-D841-4CA7-A2B8-D30DAE3599AA}.Debug|iPhoneSimulator.Build.0 = Debug|Any CPU
		{BFAEAA01-D841-4CA7-A2B8-D30DAE3599AA}.Release|iPhoneSimulator.ActiveCfg = Release|Any CPU
		{BFAEAA01-D841-4CA7-A2B8-D30DAE3599AA}.Release|iPhoneSimulator.Build.0 = Release|Any CPU
		{BFAEAA01-D841-4CA7-A2B8-D30DAE3599AA}.Debug|iPhone.ActiveCfg = Debug|Any CPU
		{BFAEAA01-D841-4CA7-A2B8-D30DAE3599AA}.Debug|iPhone.Build.0 = Debug|Any CPU
		{BFAEAA01-D841-4CA7-A2B8-D30DAE3599AA}.Release|iPhone.ActiveCfg = Release|Any CPU
		{BFAEAA01-D841-4CA7-A2B8-D30DAE3599AA}.Release|iPhone.Build.0 = Release|Any CPU
		{BFAEAA01-D841-4CA7-A2B8-D30DAE3599AA}.Ad-Hoc|iPhone.ActiveCfg = Debug|Any CPU
		{BFAEAA01-D841-4CA7-A2B8-D30DAE3599AA}.Ad-Hoc|iPhone.Build.0 = Debug|Any CPU
		{BFAEAA01-D841-4CA7-A2B8-D30DAE3599AA}.AppStore|iPhone.ActiveCfg = Debug|Any CPU
		{BFAEAA01-D841-4CA7-A2B8-D30DAE3599AA}.AppStore|iPhone.Build.0 = Debug|Any CPU
	EndGlobalSection
EndGlobal
